// !$*UTF8*$!
{
	archiveVersion = 1;
	classes = {
	};
	objectVersion = 46;
	objects = {

/* Begin PBXBuildFile section */
		59168F7F1C686865001711EE /* LaundryRooms.swift in Sources */ = {isa = PBXBuildFile; fileRef = 59168F7D1C686865001711EE /* LaundryRooms.swift */; };
		59168F801C686865001711EE /* Machine.swift in Sources */ = {isa = PBXBuildFile; fileRef = 59168F7E1C686865001711EE /* Machine.swift */; };
		59CFA66E1C68682C00A36B73 /* AppDelegate.swift in Sources */ = {isa = PBXBuildFile; fileRef = 59CFA66D1C68682C00A36B73 /* AppDelegate.swift */; };
		59CFA6701C68682C00A36B73 /* ViewController.swift in Sources */ = {isa = PBXBuildFile; fileRef = 59CFA66F1C68682C00A36B73 /* ViewController.swift */; };
		59CFA6731C68682C00A36B73 /* Main.storyboard in Resources */ = {isa = PBXBuildFile; fileRef = 59CFA6711C68682C00A36B73 /* Main.storyboard */; };
		59CFA6751C68682C00A36B73 /* Assets.xcassets in Resources */ = {isa = PBXBuildFile; fileRef = 59CFA6741C68682C00A36B73 /* Assets.xcassets */; };
		59CFA6781C68682C00A36B73 /* LaunchScreen.storyboard in Resources */ = {isa = PBXBuildFile; fileRef = 59CFA6761C68682C00A36B73 /* LaunchScreen.storyboard */; };
		59CFA6831C68682C00A36B73 /* CMULaundryTests.swift in Sources */ = {isa = PBXBuildFile; fileRef = 59CFA6821C68682C00A36B73 /* CMULaundryTests.swift */; };
		59CFA68E1C68682C00A36B73 /* CMULaundryUITests.swift in Sources */ = {isa = PBXBuildFile; fileRef = 59CFA68D1C68682C00A36B73 /* CMULaundryUITests.swift */; };
/* End PBXBuildFile section */

/* Begin PBXContainerItemProxy section */
		59CFA67F1C68682C00A36B73 /* PBXContainerItemProxy */ = {
			isa = PBXContainerItemProxy;
			containerPortal = 59CFA6621C68682C00A36B73 /* Project object */;
			proxyType = 1;
			remoteGlobalIDString = 59CFA6691C68682C00A36B73;
			remoteInfo = CMULaundry;
		};
		59CFA68A1C68682C00A36B73 /* PBXContainerItemProxy */ = {
			isa = PBXContainerItemProxy;
			containerPortal = 59CFA6621C68682C00A36B73 /* Project object */;
			proxyType = 1;
			remoteGlobalIDString = 59CFA6691C68682C00A36B73;
			remoteInfo = CMULaundry;
		};
/* End PBXContainerItemProxy section */

/* Begin PBXFileReference section */
		59168F7D1C686865001711EE /* LaundryRooms.swift */ = {isa = PBXFileReference; fileEncoding = 4; lastKnownFileType = sourcecode.swift; path = LaundryRooms.swift; sourceTree = "<group>"; };
		59168F7E1C686865001711EE /* Machine.swift */ = {isa = PBXFileReference; fileEncoding = 4; lastKnownFileType = sourcecode.swift; path = Machine.swift; sourceTree = "<group>"; };
		59CFA66A1C68682C00A36B73 /* CMULaundry.app */ = {isa = PBXFileReference; explicitFileType = wrapper.application; includeInIndex = 0; path = CMULaundry.app; sourceTree = BUILT_PRODUCTS_DIR; };
		59CFA66D1C68682C00A36B73 /* AppDelegate.swift */ = {isa = PBXFileReference; lastKnownFileType = sourcecode.swift; path = AppDelegate.swift; sourceTree = "<group>"; };
		59CFA66F1C68682C00A36B73 /* ViewController.swift */ = {isa = PBXFileReference; lastKnownFileType = sourcecode.swift; path = ViewController.swift; sourceTree = "<group>"; };
		59CFA6721C68682C00A36B73 /* Base */ = {isa = PBXFileReference; lastKnownFileType = file.storyboard; name = Base; path = Base.lproj/Main.storyboard; sourceTree = "<group>"; };
		59CFA6741C68682C00A36B73 /* Assets.xcassets */ = {isa = PBXFileReference; lastKnownFileType = folder.assetcatalog; path = Assets.xcassets; sourceTree = "<group>"; };
		59CFA6771C68682C00A36B73 /* Base */ = {isa = PBXFileReference; lastKnownFileType = file.storyboard; name = Base; path = Base.lproj/LaunchScreen.storyboard; sourceTree = "<group>"; };
		59CFA6791C68682C00A36B73 /* Info.plist */ = {isa = PBXFileReference; lastKnownFileType = text.plist.xml; path = Info.plist; sourceTree = "<group>"; };
		59CFA67E1C68682C00A36B73 /* CMULaundryTests.xctest */ = {isa = PBXFileReference; explicitFileType = wrapper.cfbundle; includeInIndex = 0; path = CMULaundryTests.xctest; sourceTree = BUILT_PRODUCTS_DIR; };
		59CFA6821C68682C00A36B73 /* CMULaundryTests.swift */ = {isa = PBXFileReference; lastKnownFileType = sourcecode.swift; path = CMULaundryTests.swift; sourceTree = "<group>"; };
		59CFA6841C68682C00A36B73 /* Info.plist */ = {isa = PBXFileReference; lastKnownFileType = text.plist.xml; path = Info.plist; sourceTree = "<group>"; };
		59CFA6891C68682C00A36B73 /* CMULaundryUITests.xctest */ = {isa = PBXFileReference; explicitFileType = wrapper.cfbundle; includeInIndex = 0; path = CMULaundryUITests.xctest; sourceTree = BUILT_PRODUCTS_DIR; };
		59CFA68D1C68682C00A36B73 /* CMULaundryUITests.swift */ = {isa = PBXFileReference; lastKnownFileType = sourcecode.swift; path = CMULaundryUITests.swift; sourceTree = "<group>"; };
		59CFA68F1C68682C00A36B73 /* Info.plist */ = {isa = PBXFileReference; lastKnownFileType = text.plist.xml; path = Info.plist; sourceTree = "<group>"; };
/* End PBXFileReference section */

/* Begin PBXFrameworksBuildPhase section */
		59CFA6671C68682C00A36B73 /* Frameworks */ = {
			isa = PBXFrameworksBuildPhase;
			buildActionMask = 2147483647;
			files = (
			);
			runOnlyForDeploymentPostprocessing = 0;
		};
		59CFA67B1C68682C00A36B73 /* Frameworks */ = {
			isa = PBXFrameworksBuildPhase;
			buildActionMask = 2147483647;
			files = (
			);
			runOnlyForDeploymentPostprocessing = 0;
		};
		59CFA6861C68682C00A36B73 /* Frameworks */ = {
			isa = PBXFrameworksBuildPhase;
			buildActionMask = 2147483647;
			files = (
			);
			runOnlyForDeploymentPostprocessing = 0;
		};
/* End PBXFrameworksBuildPhase section */

/* Begin PBXGroup section */
		59CFA6611C68682C00A36B73 = {
			isa = PBXGroup;
			children = (
				59CFA66C1C68682C00A36B73 /* CMULaundry */,
				59CFA6811C68682C00A36B73 /* CMULaundryTests */,
				59CFA68C1C68682C00A36B73 /* CMULaundryUITests */,
				59CFA66B1C68682C00A36B73 /* Products */,
			);
			sourceTree = "<group>";
		};
		59CFA66B1C68682C00A36B73 /* Products */ = {
			isa = PBXGroup;
			children = (
				59CFA66A1C68682C00A36B73 /* CMULaundry.app */,
				59CFA67E1C68682C00A36B73 /* CMULaundryTests.xctest */,
				59CFA6891C68682C00A36B73 /* CMULaundryUITests.xctest */,
			);
			name = Products;
			sourceTree = "<group>";
		};
		59CFA66C1C68682C00A36B73 /* CMULaundry */ = {
			isa = PBXGroup;
			children = (
				59168F7D1C686865001711EE /* LaundryRooms.swift */,
				59168F7E1C686865001711EE /* Machine.swift */,
				59CFA66D1C68682C00A36B73 /* AppDelegate.swift */,
				59CFA66F1C68682C00A36B73 /* ViewController.swift */,
				59CFA6711C68682C00A36B73 /* Main.storyboard */,
				59CFA6741C68682C00A36B73 /* Assets.xcassets */,
				59CFA6761C68682C00A36B73 /* LaunchScreen.storyboard */,
				59CFA6791C68682C00A36B73 /* Info.plist */,
			);
			path = CMULaundry;
			sourceTree = "<group>";
		};
		59CFA6811C68682C00A36B73 /* CMULaundryTests */ = {
			isa = PBXGroup;
			children = (
				59CFA6821C68682C00A36B73 /* CMULaundryTests.swift */,
				59CFA6841C68682C00A36B73 /* Info.plist */,
			);
			path = CMULaundryTests;
			sourceTree = "<group>";
		};
		59CFA68C1C68682C00A36B73 /* CMULaundryUITests */ = {
			isa = PBXGroup;
			children = (
				59CFA68D1C68682C00A36B73 /* CMULaundryUITests.swift */,
				59CFA68F1C68682C00A36B73 /* Info.plist */,
			);
			path = CMULaundryUITests;
			sourceTree = "<group>";
		};
/* End PBXGroup section */

/* Begin PBXNativeTarget section */
		59CFA6691C68682C00A36B73 /* CMULaundry */ = {
			isa = PBXNativeTarget;
			buildConfigurationList = 59CFA6921C68682C00A36B73 /* Build configuration list for PBXNativeTarget "CMULaundry" */;
			buildPhases = (
				59CFA6661C68682C00A36B73 /* Sources */,
				59CFA6671C68682C00A36B73 /* Frameworks */,
				59CFA6681C68682C00A36B73 /* Resources */,
			);
			buildRules = (
			);
			dependencies = (
			);
			name = CMULaundry;
			productName = CMULaundry;
			productReference = 59CFA66A1C68682C00A36B73 /* CMULaundry.app */;
			productType = "com.apple.product-type.application";
		};
		59CFA67D1C68682C00A36B73 /* CMULaundryTests */ = {
			isa = PBXNativeTarget;
			buildConfigurationList = 59CFA6951C68682C00A36B73 /* Build configuration list for PBXNativeTarget "CMULaundryTests" */;
			buildPhases = (
				59CFA67A1C68682C00A36B73 /* Sources */,
				59CFA67B1C68682C00A36B73 /* Frameworks */,
				59CFA67C1C68682C00A36B73 /* Resources */,
			);
			buildRules = (
			);
			dependencies = (
				59CFA6801C68682C00A36B73 /* PBXTargetDependency */,
			);
			name = CMULaundryTests;
			productName = CMULaundryTests;
			productReference = 59CFA67E1C68682C00A36B73 /* CMULaundryTests.xctest */;
			productType = "com.apple.product-type.bundle.unit-test";
		};
		59CFA6881C68682C00A36B73 /* CMULaundryUITests */ = {
			isa = PBXNativeTarget;
			buildConfigurationList = 59CFA6981C68682C00A36B73 /* Build configuration list for PBXNativeTarget "CMULaundryUITests" */;
			buildPhases = (
				59CFA6851C68682C00A36B73 /* Sources */,
				59CFA6861C68682C00A36B73 /* Frameworks */,
				59CFA6871C68682C00A36B73 /* Resources */,
			);
			buildRules = (
			);
			dependencies = (
				59CFA68B1C68682C00A36B73 /* PBXTargetDependency */,
			);
			name = CMULaundryUITests;
			productName = CMULaundryUITests;
			productReference = 59CFA6891C68682C00A36B73 /* CMULaundryUITests.xctest */;
			productType = "com.apple.product-type.bundle.ui-testing";
		};
/* End PBXNativeTarget section */

/* Begin PBXProject section */
		59CFA6621C68682C00A36B73 /* Project object */ = {
			isa = PBXProject;
			attributes = {
				LastSwiftUpdateCheck = 0720;
				LastUpgradeCheck = 0720;
				ORGANIZATIONNAME = "Ian Lo";
				TargetAttributes = {
					59CFA6691C68682C00A36B73 = {
						CreatedOnToolsVersion = 7.2.1;
					};
					59CFA67D1C68682C00A36B73 = {
						CreatedOnToolsVersion = 7.2.1;
						TestTargetID = 59CFA6691C68682C00A36B73;
					};
					59CFA6881C68682C00A36B73 = {
						CreatedOnToolsVersion = 7.2.1;
						TestTargetID = 59CFA6691C68682C00A36B73;
					};
				};
			};
			buildConfigurationList = 59CFA6651C68682C00A36B73 /* Build configuration list for PBXProject "CMULaundry" */;
			compatibilityVersion = "Xcode 3.2";
			developmentRegion = English;
			hasScannedForEncodings = 0;
			knownRegions = (
				en,
				Base,
			);
			mainGroup = 59CFA6611C68682C00A36B73;
			productRefGroup = 59CFA66B1C68682C00A36B73 /* Products */;
			projectDirPath = "";
			projectRoot = "";
			targets = (
				59CFA6691C68682C00A36B73 /* CMULaundry */,
				59CFA67D1C68682C00A36B73 /* CMULaundryTests */,
				59CFA6881C68682C00A36B73 /* CMULaundryUITests */,
			);
		};
/* End PBXProject section */

/* Begin PBXResourcesBuildPhase section */
		59CFA6681C68682C00A36B73 /* Resources */ = {
			isa = PBXResourcesBuildPhase;
			buildActionMask = 2147483647;
			files = (
				59CFA6781C68682C00A36B73 /* LaunchScreen.storyboard in Resources */,
				59CFA6751C68682C00A36B73 /* Assets.xcassets in Resources */,
				59CFA6731C68682C00A36B73 /* Main.storyboard in Resources */,
			);
			runOnlyForDeploymentPostprocessing = 0;
		};
		59CFA67C1C68682C00A36B73 /* Resources */ = {
			isa = PBXResourcesBuildPhase;
			buildActionMask = 2147483647;
			files = (
			);
			runOnlyForDeploymentPostprocessing = 0;
		};
		59CFA6871C68682C00A36B73 /* Resources */ = {
			isa = PBXResourcesBuildPhase;
			buildActionMask = 2147483647;
			files = (
			);
			runOnlyForDeploymentPostprocessing = 0;
		};
/* End PBXResourcesBuildPhase section */

/* Begin PBXSourcesBuildPhase section */
		59CFA6661C68682C00A36B73 /* Sources */ = {
			isa = PBXSourcesBuildPhase;
			buildActionMask = 2147483647;
			files = (
				59CFA6701C68682C00A36B73 /* ViewController.swift in Sources */,
				59168F801C686865001711EE /* Machine.swift in Sources */,
				59168F7F1C686865001711EE /* LaundryRooms.swift in Sources */,
				59CFA66E1C68682C00A36B73 /* AppDelegate.swift in Sources */,
			);
			runOnlyForDeploymentPostprocessing = 0;
		};
		59CFA67A1C68682C00A36B73 /* Sources */ = {
			isa = PBXSourcesBuildPhase;
			buildActionMask = 2147483647;
			files = (
				59CFA6831C68682C00A36B73 /* CMULaundryTests.swift in Sources */,
			);
			runOnlyForDeploymentPostprocessing = 0;
		};
		59CFA6851C68682C00A36B73 /* Sources */ = {
			isa = PBXSourcesBuildPhase;
			buildActionMask = 2147483647;
			files = (
				59CFA68E1C68682C00A36B73 /* CMULaundryUITests.swift in Sources */,
			);
			runOnlyForDeploymentPostprocessing = 0;
		};
/* End PBXSourcesBuildPhase section */

/* Begin PBXTargetDependency section */
		59CFA6801C68682C00A36B73 /* PBXTargetDependency */ = {
			isa = PBXTargetDependency;
			target = 59CFA6691C68682C00A36B73 /* CMULaundry */;
			targetProxy = 59CFA67F1C68682C00A36B73 /* PBXContainerItemProxy */;
		};
		59CFA68B1C68682C00A36B73 /* PBXTargetDependency */ = {
			isa = PBXTargetDependency;
			target = 59CFA6691C68682C00A36B73 /* CMULaundry */;
			targetProxy = 59CFA68A1C68682C00A36B73 /* PBXContainerItemProxy */;
		};
/* End PBXTargetDependency section */

/* Begin PBXVariantGroup section */
		59CFA6711C68682C00A36B73 /* Main.storyboard */ = {
			isa = PBXVariantGroup;
			children = (
				59CFA6721C68682C00A36B73 /* Base */,
			);
			name = Main.storyboard;
			sourceTree = "<group>";
		};
		59CFA6761C68682C00A36B73 /* LaunchScreen.storyboard */ = {
			isa = PBXVariantGroup;
			children = (
				59CFA6771C68682C00A36B73 /* Base */,
			);
			name = LaunchScreen.storyboard;
			sourceTree = "<group>";
		};
/* End PBXVariantGroup section */

/* Begin XCBuildConfiguration section */
		59CFA6901C68682C00A36B73 /* Debug */ = {
			isa = XCBuildConfiguration;
			buildSettings = {
				ALWAYS_SEARCH_USER_PATHS = NO;
				CLANG_CXX_LANGUAGE_STANDARD = "gnu++0x";
				CLANG_CXX_LIBRARY = "libc++";
				CLANG_ENABLE_MODULES = YES;
				CLANG_ENABLE_OBJC_ARC = YES;
				CLANG_WARN_BOOL_CONVERSION = YES;
				CLANG_WARN_CONSTANT_CONVERSION = YES;
				CLANG_WARN_DIRECT_OBJC_ISA_USAGE = YES_ERROR;
				CLANG_WARN_EMPTY_BODY = YES;
				CLANG_WARN_ENUM_CONVERSION = YES;
				CLANG_WARN_INT_CONVERSION = YES;
				CLANG_WARN_OBJC_ROOT_CLASS = YES_ERROR;
				CLANG_WARN_UNREACHABLE_CODE = YES;
				CLANG_WARN__DUPLICATE_METHOD_MATCH = YES;
				"CODE_SIGN_IDENTITY[sdk=iphoneos*]" = "iPhone Developer";
				COPY_PHASE_STRIP = NO;
				DEBUG_INFORMATION_FORMAT = dwarf;
				ENABLE_STRICT_OBJC_MSGSEND = YES;
				ENABLE_TESTABILITY = YES;
				GCC_C_LANGUAGE_STANDARD = gnu99;
				GCC_DYNAMIC_NO_PIC = NO;
				GCC_NO_COMMON_BLOCKS = YES;
				GCC_OPTIMIZATION_LEVEL = 0;
				GCC_PREPROCESSOR_DEFINITIONS = (
					"DEBUG=1",
					"$(inherited)",
				);
				GCC_WARN_64_TO_32_BIT_CONVERSION = YES;
				GCC_WARN_ABOUT_RETURN_TYPE = YES_ERROR;
				GCC_WARN_UNDECLARED_SELECTOR = YES;
				GCC_WARN_UNINITIALIZED_AUTOS = YES_AGGRESSIVE;
				GCC_WARN_UNUSED_FUNCTION = YES;
				GCC_WARN_UNUSED_VARIABLE = YES;
				IPHONEOS_DEPLOYMENT_TARGET = 9.2;
				MTL_ENABLE_DEBUG_INFO = YES;
				ONLY_ACTIVE_ARCH = YES;
				SDKROOT = iphoneos;
				SWIFT_OPTIMIZATION_LEVEL = "-Onone";
				TARGETED_DEVICE_FAMILY = "1,2";
			};
			name = Debug;
		};
		59CFA6911C68682C00A36B73 /* Release */ = {
			isa = XCBuildConfiguration;
			buildSettings = {
				ALWAYS_SEARCH_USER_PATHS = NO;
				CLANG_CXX_LANGUAGE_STANDARD = "gnu++0x";
				CLANG_CXX_LIBRARY = "libc++";
				CLANG_ENABLE_MODULES = YES;
				CLANG_ENABLE_OBJC_ARC = YES;
				CLANG_WARN_BOOL_CONVERSION = YES;
				CLANG_WARN_CONSTANT_CONVERSION = YES;
				CLANG_WARN_DIRECT_OBJC_ISA_USAGE = YES_ERROR;
				CLANG_WARN_EMPTY_BODY = YES;
				CLANG_WARN_ENUM_CONVERSION = YES;
				CLANG_WARN_INT_CONVERSION = YES;
				CLANG_WARN_OBJC_ROOT_CLASS = YES_ERROR;
				CLANG_WARN_UNREACHABLE_CODE = YES;
				CLANG_WARN__DUPLICATE_METHOD_MATCH = YES;
				"CODE_SIGN_IDENTITY[sdk=iphoneos*]" = "iPhone Developer";
				COPY_PHASE_STRIP = NO;
				DEBUG_INFORMATION_FORMAT = "dwarf-with-dsym";
				ENABLE_NS_ASSERTIONS = NO;
				ENABLE_STRICT_OBJC_MSGSEND = YES;
				GCC_C_LANGUAGE_STANDARD = gnu99;
				GCC_NO_COMMON_BLOCKS = YES;
				GCC_WARN_64_TO_32_BIT_CONVERSION = YES;
				GCC_WARN_ABOUT_RETURN_TYPE = YES_ERROR;
				GCC_WARN_UNDECLARED_SELECTOR = YES;
				GCC_WARN_UNINITIALIZED_AUTOS = YES_AGGRESSIVE;
				GCC_WARN_UNUSED_FUNCTION = YES;
				GCC_WARN_UNUSED_VARIABLE = YES;
				IPHONEOS_DEPLOYMENT_TARGET = 9.2;
				MTL_ENABLE_DEBUG_INFO = NO;
				SDKROOT = iphoneos;
				TARGETED_DEVICE_FAMILY = "1,2";
				VALIDATE_PRODUCT = YES;
			};
			name = Release;
		};
		59CFA6931C68682C00A36B73 /* Debug */ = {
			isa = XCBuildConfiguration;
			buildSettings = {
				ASSETCATALOG_COMPILER_APPICON_NAME = AppIcon;
				INFOPLIST_FILE = CMULaundry/Info.plist;
				LD_RUNPATH_SEARCH_PATHS = "$(inherited) @executable_path/Frameworks";
				PRODUCT_BUNDLE_IDENTIFIER = ianlo.CMULaundry;
				PRODUCT_NAME = "$(TARGET_NAME)";
			};
			name = Debug;
		};
		59CFA6941C68682C00A36B73 /* Release */ = {
			isa = XCBuildConfiguration;
			buildSettings = {
				ASSETCATALOG_COMPILER_APPICON_NAME = AppIcon;
				INFOPLIST_FILE = CMULaundry/Info.plist;
				LD_RUNPATH_SEARCH_PATHS = "$(inherited) @executable_path/Frameworks";
				PRODUCT_BUNDLE_IDENTIFIER = ianlo.CMULaundry;
				PRODUCT_NAME = "$(TARGET_NAME)";
			};
			name = Release;
		};
		59CFA6961C68682C00A36B73 /* Debug */ = {
			isa = XCBuildConfiguration;
			buildSettings = {
				BUNDLE_LOADER = "$(TEST_HOST)";
				INFOPLIST_FILE = CMULaundryTests/Info.plist;
				LD_RUNPATH_SEARCH_PATHS = "$(inherited) @executable_path/Frameworks @loader_path/Frameworks";
				PRODUCT_BUNDLE_IDENTIFIER = ianlo.CMULaundryTests;
				PRODUCT_NAME = "$(TARGET_NAME)";
				TEST_HOST = "$(BUILT_PRODUCTS_DIR)/CMULaundry.app/CMULaundry";
			};
			name = Debug;
		};
		59CFA6971C68682C00A36B73 /* Release */ = {
			isa = XCBuildConfiguration;
			buildSettings = {
				BUNDLE_LOADER = "$(TEST_HOST)";
				INFOPLIST_FILE = CMULaundryTests/Info.plist;
				LD_RUNPATH_SEARCH_PATHS = "$(inherited) @executable_path/Frameworks @loader_path/Frameworks";
				PRODUCT_BUNDLE_IDENTIFIER = ianlo.CMULaundryTests;
				PRODUCT_NAME = "$(TARGET_NAME)";
				TEST_HOST = "$(BUILT_PRODUCTS_DIR)/CMULaundry.app/CMULaundry";
			};
			name = Release;
		};
		59CFA6991C68682C00A36B73 /* Debug */ = {
			isa = XCBuildConfiguration;
			buildSettings = {
				INFOPLIST_FILE = CMULaundryUITests/Info.plist;
				LD_RUNPATH_SEARCH_PATHS = "$(inherited) @executable_path/Frameworks @loader_path/Frameworks";
				PRODUCT_BUNDLE_IDENTIFIER = ianlo.CMULaundryUITests;
				PRODUCT_NAME = "$(TARGET_NAME)";
				TEST_TARGET_NAME = CMULaundry;
				USES_XCTRUNNER = YES;
			};
			name = Debug;
		};
		59CFA69A1C68682C00A36B73 /* Release */ = {
			isa = XCBuildConfiguration;
			buildSettings = {
				INFOPLIST_FILE = CMULaundryUITests/Info.plist;
				LD_RUNPATH_SEARCH_PATHS = "$(inherited) @executable_path/Frameworks @loader_path/Frameworks";
				PRODUCT_BUNDLE_IDENTIFIER = ianlo.CMULaundryUITests;
				PRODUCT_NAME = "$(TARGET_NAME)";
				TEST_TARGET_NAME = CMULaundry;
				USES_XCTRUNNER = YES;
			};
			name = Release;
		};
/* End XCBuildConfiguration section */

/* Begin XCConfigurationList section */
		59CFA6651C68682C00A36B73 /* Build configuration list for PBXProject "CMULaundry" */ = {
			isa = XCConfigurationList;
			buildConfigurations = (
				59CFA6901C68682C00A36B73 /* Debug */,
				59CFA6911C68682C00A36B73 /* Release */,
			);
			defaultConfigurationIsVisible = 0;
			defaultConfigurationName = Release;
		};
		59CFA6921C68682C00A36B73 /* Build configuration list for PBXNativeTarget "CMULaundry" */ = {
			isa = XCConfigurationList;
			buildConfigurations = (
				59CFA6931C68682C00A36B73 /* Debug */,
				59CFA6941C68682C00A36B73 /* Release */,
			);
			defaultConfigurationIsVisible = 0;
			defaultConfigurationName = Release;
		};
		59CFA6951C68682C00A36B73 /* Build configuration list for PBXNativeTarget "CMULaundryTests" */ = {
			isa = XCConfigurationList;
			buildConfigurations = (
				59CFA6961C68682C00A36B73 /* Debug */,
				59CFA6971C68682C00A36B73 /* Release */,
			);
			defaultConfigurationIsVisible = 0;
			defaultConfigurationName = Release;
		};
		59CFA6981C68682C00A36B73 /* Build configuration list for PBXNativeTarget "CMULaundryUITests" */ = {
			isa = XCConfigurationList;
			buildConfigurations = (
				59CFA6991C68682C00A36B73 /* Debug */,
				59CFA69A1C68682C00A36B73 /* Release */,
			);
			defaultConfigurationIsVisible = 0;
			defaultConfigurationName = Release;
		};
/* End XCConfigurationList section */
	};
	rootObject = 59CFA6621C68682C00A36B73 /* Project object */;
}
